
Microsoft Visual Studio Solution File, Format Version 12.00
# Visual Studio Version 16
VisualStudioVersion = 16.0.30320.27
MinimumVisualStudioVersion = 10.0.40219.1
Project("{FAE04EC0-301F-11D3-BF4B-00C04F79EFBC}") = "BestBuyPracticeConsoleUI", "BestBuyPracticeConsoleUI\BestBuyPracticeConsoleUI.csproj", "{259C9F45-65E5-4723-A5AB-F0CF836FAC04}"
EndProject
Global
	GlobalSection(SolutionConfigurationPlatforms) = preSolution
		Debug|Any CPU = Debug|Any CPU
		Release|Any CPU = Release|Any CPU
	EndGlobalSection
	GlobalSection(ProjectConfigurationPlatforms) = postSolution
		{259C9F45-65E5-4723-A5AB-F0CF836FAC04}.Debug|Any CPU.ActiveCfg = Debug|Any CPU
		{259C9F45-65E5-4723-A5AB-F0CF836FAC04}.Debug|Any CPU.Build.0 = Debug|Any CPU
		{259C9F45-65E5-4723-A5AB-F0CF836FAC04}.Release|Any CPU.ActiveCfg = Release|Any CPU
		{259C9F45-65E5-4723-A5AB-F0CF836FAC04}.Release|Any CPU.Build.0 = Release|Any CPU
	EndGlobalSection
	GlobalSection(SolutionProperties) = preSolution
		HideSolutionNode = FALSE
	EndGlobalSection
	GlobalSection(ExtensibilityGlobals) = postSolution
		SolutionGuid = {18A4131B-0675-4E2F-B53F-13FC16AA9B2C}
	EndGlobalSection
EndGlobal
